
Microsoft Visual Studio Solution File, Format Version 12.00
# Visual Studio Version 17
VisualStudioVersion = 17.5.33530.505
MinimumVisualStudioVersion = 10.0.40219.1
Project("{FAE04EC0-301F-11D3-BF4B-00C04F79EFBC}") = "Trabalho", "Trabalho\Trabalho.csproj", "{150BE803-218F-4B69-A39D-258944ACB423}"
EndProject
Global
	GlobalSection(SolutionConfigurationPlatforms) = preSolution
		Debug|Any CPU = Debug|Any CPU
		Release|Any CPU = Release|Any CPU
	EndGlobalSection
	GlobalSection(ProjectConfigurationPlatforms) = postSolution
		{150BE803-218F-4B69-A39D-258944ACB423}.Debug|Any CPU.ActiveCfg = Debug|Any CPU
		{150BE803-218F-4B69-A39D-258944ACB423}.Debug|Any CPU.Build.0 = Debug|Any CPU
		{150BE803-218F-4B69-A39D-258944ACB423}.Release|Any CPU.ActiveCfg = Release|Any CPU
		{150BE803-218F-4B69-A39D-258944ACB423}.Release|Any CPU.Build.0 = Release|Any CPU
	EndGlobalSection
	GlobalSection(SolutionProperties) = preSolution
		HideSolutionNode = FALSE
	EndGlobalSection
	GlobalSection(ExtensibilityGlobals) = postSolution
		SolutionGuid = {E3485EF6-B9F4-486A-B024-768806FFA9EE}
	EndGlobalSection
EndGlobal
